
Microsoft Visual Studio Solution File, Format Version 12.00
# Visual Studio Version 17
VisualStudioVersion = 17.14.36811.4
MinimumVisualStudioVersion = 10.0.40219.1
Project("{FAE04EC0-301F-11D3-BF4B-00C04F79EFBC}") = "size-antecipacao", "size-antecipacao\size-antecipacao.csproj", "{861A8AA1-AD88-4AFD-B322-52B6F7FD066A}"
EndProject
Project("{2150E333-8FDC-42A3-9474-1A3956D46DE8}") = "APIs", "APIs", "{02EA681E-C7D8-13C7-8484-4AC65E1B71E8}"
EndProject
Project("{2150E333-8FDC-42A3-9474-1A3956D46DE8}") = "AplicationServices", "AplicationServices", "{EB8FC8A2-1C69-44BA-B1AA-842DFE8E5505}"
EndProject
Project("{2150E333-8FDC-42A3-9474-1A3956D46DE8}") = "Services", "Services", "{60E07418-16D5-4D6B-B266-6F0A76D0527B}"
EndProject
Project("{2150E333-8FDC-42A3-9474-1A3956D46DE8}") = "BuildingBlocks", "BuildingBlocks", "{8A875AAB-76E9-4448-B4C5-C2D4076ECC40}"
EndProject
Project("{2150E333-8FDC-42A3-9474-1A3956D46DE8}") = "FichaCadastral", "FichaCadastral", "{5D608E3C-B36A-4E78-B1DA-A6100DF82940}"
EndProject
Project("{2150E333-8FDC-42A3-9474-1A3956D46DE8}") = "Antecipacao", "Antecipacao", "{2DEB8775-2892-4E69-9D6C-52BBC5945301}"
EndProject
Project("{2150E333-8FDC-42A3-9474-1A3956D46DE8}") = "CatalogoRecebiveis", "CatalogoRecebiveis", "{88B8EC0D-12C3-4A88-AEE4-B7A29E9B776B}"
EndProject
Project("{FAE04EC0-301F-11D3-BF4B-00C04F79EFBC}") = "size.FichaCadastral.Application", "size.FichaCadastrak.Application\size.FichaCadastral.Application.csproj", "{84F33D22-BABE-4502-9853-3EE304128717}"
EndProject
Project("{FAE04EC0-301F-11D3-BF4B-00C04F79EFBC}") = "size.FichaCadastral.Business", "size.FichaCadastral.Business\size.FichaCadastral.Business.csproj", "{5207D725-0D48-49EE-AD7E-8C0485956C2F}"
EndProject
Project("{FAE04EC0-301F-11D3-BF4B-00C04F79EFBC}") = "size.fichaCadastral.Data", "size.fichaCadastral.Data\size.fichaCadastral.Data.csproj", "{042712EA-AAB5-40D8-B300-1EFFA7318F78}"
EndProject
Project("{FAE04EC0-301F-11D3-BF4B-00C04F79EFBC}") = "size.Core", "size.Core\size.Core.csproj", "{73821060-EED6-4978-AAA6-091A0D0B012A}"
EndProject
Project("{FAE04EC0-301F-11D3-BF4B-00C04F79EFBC}") = "size.FichaCadastral.Configurations", "size.FichaCadastral.Configurations\size.FichaCadastral.Configurations.csproj", "{9235B0AD-DDDF-4F79-A87C-A67F5FA59C03}"
EndProject
Project("{FAE04EC0-301F-11D3-BF4B-00C04F79EFBC}") = "size.CatalogoRecebiveis.Application", "size.CatalogoRecebiveis.Application\size.CatalogoRecebiveis.Application.csproj", "{407D95E9-FFDA-40AA-B287-470A161B1598}"
EndProject
Project("{FAE04EC0-301F-11D3-BF4B-00C04F79EFBC}") = "size.CatalogoRecebiveis.Business", "size.CatalogoRecebiveis.Business\size.CatalogoRecebiveis.Business.csproj", "{27CB1DEF-9880-452E-89D6-29ED4C2A55E8}"
EndProject
Project("{FAE04EC0-301F-11D3-BF4B-00C04F79EFBC}") = "size.CatalogoRecebiveis.Configurations", "size.CatalogoRecebiveis.Configurations\size.CatalogoRecebiveis.Configurations.csproj", "{AE2905D4-F408-435F-8894-4BB3CE383A77}"
EndProject
Project("{FAE04EC0-301F-11D3-BF4B-00C04F79EFBC}") = "size.CatalogoRecebiveis.Data", "size.CatalogoRecebiveis.Data\size.CatalogoRecebiveis.Data.csproj", "{B719B1C8-D2B7-4C88-A45B-1022A297184B}"
EndProject
Project("{2150E333-8FDC-42A3-9474-1A3956D46DE8}") = "Carrinho", "Carrinho", "{37F7025A-65F5-4826-9D65-E537B74693DC}"
EndProject
Project("{FAE04EC0-301F-11D3-BF4B-00C04F79EFBC}") = "size.Carrinho.Application", "size.Carrinho.Application\size.Carrinho.Application.csproj", "{D24B1F11-42FF-4ED6-86C7-864DA2514681}"
EndProject
Project("{FAE04EC0-301F-11D3-BF4B-00C04F79EFBC}") = "size.Carrinho.Business", "size.Carrinho.Business\size.Carrinho.Business.csproj", "{5ACD1DA8-EDF7-4F7A-9CB1-896FCA440AF9}"
EndProject
Project("{FAE04EC0-301F-11D3-BF4B-00C04F79EFBC}") = "size.Carrinho.Configuration", "size.Carrinho.Configurations\size.Carrinho.Configuration.csproj", "{37183C71-4D59-4D2A-918F-264469016918}"
EndProject
Project("{FAE04EC0-301F-11D3-BF4B-00C04F79EFBC}") = "size.Carrinho.Data", "size.Carrinho.Data\size.Carrinho.Data.csproj", "{64AD1960-5F7B-4222-B3B1-BC982D650EE0}"
EndProject
Project("{FAE04EC0-301F-11D3-BF4B-00C04F79EFBC}") = "size.ApplicationService.ProcessamentoCheckout", "size.ApplicationService.ProcessamentoCheckout\size.ApplicationService.ProcessamentoCheckout.csproj", "{C75474B0-4D9B-40B9-B83C-8B687DD7B9D0}"
EndProject
Project("{2150E333-8FDC-42A3-9474-1A3956D46DE8}") = "Operacao", "Operacao", "{0B9B2F36-0952-46E9-AD4F-55003E845BA4}"
EndProject
Project("{FAE04EC0-301F-11D3-BF4B-00C04F79EFBC}") = "size.Operacao.Application", "size.Operacao.Application\size.Operacao.Application.csproj", "{A9EE096B-7624-4506-B44F-C7DB8D8F7589}"
EndProject
Project("{FAE04EC0-301F-11D3-BF4B-00C04F79EFBC}") = "size.Operacao.Business", "size.Operacao.Business\size.Operacao.Business.csproj", "{ADFDE6C9-558A-4FE9-991B-5D66914A65A6}"
EndProject
Project("{FAE04EC0-301F-11D3-BF4B-00C04F79EFBC}") = "size.Operacao.Configuration", "size.Operacao.Configuration\size.Operacao.Configuration.csproj", "{513E28FC-B813-42D0-AFE1-EF83D17F7FF6}"
EndProject
Project("{FAE04EC0-301F-11D3-BF4B-00C04F79EFBC}") = "size.Operacao.Data", "size.Operacao.Data\size.Operacao.Data.csproj", "{E20A1FBA-4AAA-4860-9645-2B54330E4FE0}"
EndProject
Global
	GlobalSection(SolutionConfigurationPlatforms) = preSolution
		Debug|Any CPU = Debug|Any CPU
		Release|Any CPU = Release|Any CPU
	EndGlobalSection
	GlobalSection(ProjectConfigurationPlatforms) = postSolution
		{861A8AA1-AD88-4AFD-B322-52B6F7FD066A}.Debug|Any CPU.ActiveCfg = Debug|Any CPU
		{861A8AA1-AD88-4AFD-B322-52B6F7FD066A}.Debug|Any CPU.Build.0 = Debug|Any CPU
		{861A8AA1-AD88-4AFD-B322-52B6F7FD066A}.Release|Any CPU.ActiveCfg = Release|Any CPU
		{861A8AA1-AD88-4AFD-B322-52B6F7FD066A}.Release|Any CPU.Build.0 = Release|Any CPU
		{84F33D22-BABE-4502-9853-3EE304128717}.Debug|Any CPU.ActiveCfg = Debug|Any CPU
		{84F33D22-BABE-4502-9853-3EE304128717}.Debug|Any CPU.Build.0 = Debug|Any CPU
		{84F33D22-BABE-4502-9853-3EE304128717}.Release|Any CPU.ActiveCfg = Release|Any CPU
		{84F33D22-BABE-4502-9853-3EE304128717}.Release|Any CPU.Build.0 = Release|Any CPU
		{5207D725-0D48-49EE-AD7E-8C0485956C2F}.Debug|Any CPU.ActiveCfg = Debug|Any CPU
		{5207D725-0D48-49EE-AD7E-8C0485956C2F}.Debug|Any CPU.Build.0 = Debug|Any CPU
		{5207D725-0D48-49EE-AD7E-8C0485956C2F}.Release|Any CPU.ActiveCfg = Release|Any CPU
		{5207D725-0D48-49EE-AD7E-8C0485956C2F}.Release|Any CPU.Build.0 = Release|Any CPU
		{042712EA-AAB5-40D8-B300-1EFFA7318F78}.Debug|Any CPU.ActiveCfg = Debug|Any CPU
		{042712EA-AAB5-40D8-B300-1EFFA7318F78}.Debug|Any CPU.Build.0 = Debug|Any CPU
		{042712EA-AAB5-40D8-B300-1EFFA7318F78}.Release|Any CPU.ActiveCfg = Release|Any CPU
		{042712EA-AAB5-40D8-B300-1EFFA7318F78}.Release|Any CPU.Build.0 = Release|Any CPU
		{73821060-EED6-4978-AAA6-091A0D0B012A}.Debug|Any CPU.ActiveCfg = Debug|Any CPU
		{73821060-EED6-4978-AAA6-091A0D0B012A}.Debug|Any CPU.Build.0 = Debug|Any CPU
		{73821060-EED6-4978-AAA6-091A0D0B012A}.Release|Any CPU.ActiveCfg = Release|Any CPU
		{73821060-EED6-4978-AAA6-091A0D0B012A}.Release|Any CPU.Build.0 = Release|Any CPU
		{9235B0AD-DDDF-4F79-A87C-A67F5FA59C03}.Debug|Any CPU.ActiveCfg = Debug|Any CPU
		{9235B0AD-DDDF-4F79-A87C-A67F5FA59C03}.Debug|Any CPU.Build.0 = Debug|Any CPU
		{9235B0AD-DDDF-4F79-A87C-A67F5FA59C03}.Release|Any CPU.ActiveCfg = Release|Any CPU
		{9235B0AD-DDDF-4F79-A87C-A67F5FA59C03}.Release|Any CPU.Build.0 = Release|Any CPU
		{407D95E9-FFDA-40AA-B287-470A161B1598}.Debug|Any CPU.ActiveCfg = Debug|Any CPU
		{407D95E9-FFDA-40AA-B287-470A161B1598}.Debug|Any CPU.Build.0 = Debug|Any CPU
		{407D95E9-FFDA-40AA-B287-470A161B1598}.Release|Any CPU.ActiveCfg = Release|Any CPU
		{407D95E9-FFDA-40AA-B287-470A161B1598}.Release|Any CPU.Build.0 = Release|Any CPU
		{27CB1DEF-9880-452E-89D6-29ED4C2A55E8}.Debug|Any CPU.ActiveCfg = Debug|Any CPU
		{27CB1DEF-9880-452E-89D6-29ED4C2A55E8}.Debug|Any CPU.Build.0 = Debug|Any CPU
		{27CB1DEF-9880-452E-89D6-29ED4C2A55E8}.Release|Any CPU.ActiveCfg = Release|Any CPU
		{27CB1DEF-9880-452E-89D6-29ED4C2A55E8}.Release|Any CPU.Build.0 = Release|Any CPU
		{AE2905D4-F408-435F-8894-4BB3CE383A77}.Debug|Any CPU.ActiveCfg = Debug|Any CPU
		{AE2905D4-F408-435F-8894-4BB3CE383A77}.Debug|Any CPU.Build.0 = Debug|Any CPU
		{AE2905D4-F408-435F-8894-4BB3CE383A77}.Release|Any CPU.ActiveCfg = Release|Any CPU
		{AE2905D4-F408-435F-8894-4BB3CE383A77}.Release|Any CPU.Build.0 = Release|Any CPU
		{B719B1C8-D2B7-4C88-A45B-1022A297184B}.Debug|Any CPU.ActiveCfg = Debug|Any CPU
		{B719B1C8-D2B7-4C88-A45B-1022A297184B}.Debug|Any CPU.Build.0 = Debug|Any CPU
		{B719B1C8-D2B7-4C88-A45B-1022A297184B}.Release|Any CPU.ActiveCfg = Release|Any CPU
		{B719B1C8-D2B7-4C88-A45B-1022A297184B}.Release|Any CPU.Build.0 = Release|Any CPU
		{D24B1F11-42FF-4ED6-86C7-864DA2514681}.Debug|Any CPU.ActiveCfg = Debug|Any CPU
		{D24B1F11-42FF-4ED6-86C7-864DA2514681}.Debug|Any CPU.Build.0 = Debug|Any CPU
		{D24B1F11-42FF-4ED6-86C7-864DA2514681}.Release|Any CPU.ActiveCfg = Release|Any CPU
		{D24B1F11-42FF-4ED6-86C7-864DA2514681}.Release|Any CPU.Build.0 = Release|Any CPU
		{5ACD1DA8-EDF7-4F7A-9CB1-896FCA440AF9}.Debug|Any CPU.ActiveCfg = Debug|Any CPU
		{5ACD1DA8-EDF7-4F7A-9CB1-896FCA440AF9}.Debug|Any CPU.Build.0 = Debug|Any CPU
		{5ACD1DA8-EDF7-4F7A-9CB1-896FCA440AF9}.Release|Any CPU.ActiveCfg = Release|Any CPU
		{5ACD1DA8-EDF7-4F7A-9CB1-896FCA440AF9}.Release|Any CPU.Build.0 = Release|Any CPU
		{37183C71-4D59-4D2A-918F-264469016918}.Debug|Any CPU.ActiveCfg = Debug|Any CPU
		{37183C71-4D59-4D2A-918F-264469016918}.Debug|Any CPU.Build.0 = Debug|Any CPU
		{37183C71-4D59-4D2A-918F-264469016918}.Release|Any CPU.ActiveCfg = Release|Any CPU
		{37183C71-4D59-4D2A-918F-264469016918}.Release|Any CPU.Build.0 = Release|Any CPU
		{64AD1960-5F7B-4222-B3B1-BC982D650EE0}.Debug|Any CPU.ActiveCfg = Debug|Any CPU
		{64AD1960-5F7B-4222-B3B1-BC982D650EE0}.Debug|Any CPU.Build.0 = Debug|Any CPU
		{64AD1960-5F7B-4222-B3B1-BC982D650EE0}.Release|Any CPU.ActiveCfg = Release|Any CPU
		{64AD1960-5F7B-4222-B3B1-BC982D650EE0}.Release|Any CPU.Build.0 = Release|Any CPU
		{C75474B0-4D9B-40B9-B83C-8B687DD7B9D0}.Debug|Any CPU.ActiveCfg = Debug|Any CPU
		{C75474B0-4D9B-40B9-B83C-8B687DD7B9D0}.Debug|Any CPU.Build.0 = Debug|Any CPU
		{C75474B0-4D9B-40B9-B83C-8B687DD7B9D0}.Release|Any CPU.ActiveCfg = Release|Any CPU
		{C75474B0-4D9B-40B9-B83C-8B687DD7B9D0}.Release|Any CPU.Build.0 = Release|Any CPU
		{A9EE096B-7624-4506-B44F-C7DB8D8F7589}.Debug|Any CPU.ActiveCfg = Debug|Any CPU
		{A9EE096B-7624-4506-B44F-C7DB8D8F7589}.Debug|Any CPU.Build.0 = Debug|Any CPU
		{A9EE096B-7624-4506-B44F-C7DB8D8F7589}.Release|Any CPU.ActiveCfg = Release|Any CPU
		{A9EE096B-7624-4506-B44F-C7DB8D8F7589}.Release|Any CPU.Build.0 = Release|Any CPU
		{ADFDE6C9-558A-4FE9-991B-5D66914A65A6}.Debug|Any CPU.ActiveCfg = Debug|Any CPU
		{ADFDE6C9-558A-4FE9-991B-5D66914A65A6}.Debug|Any CPU.Build.0 = Debug|Any CPU
		{ADFDE6C9-558A-4FE9-991B-5D66914A65A6}.Release|Any CPU.ActiveCfg = Release|Any CPU
		{ADFDE6C9-558A-4FE9-991B-5D66914A65A6}.Release|Any CPU.Build.0 = Release|Any CPU
		{513E28FC-B813-42D0-AFE1-EF83D17F7FF6}.Debug|Any CPU.ActiveCfg = Debug|Any CPU
		{513E28FC-B813-42D0-AFE1-EF83D17F7FF6}.Debug|Any CPU.Build.0 = Debug|Any CPU
		{513E28FC-B813-42D0-AFE1-EF83D17F7FF6}.Release|Any CPU.ActiveCfg = Release|Any CPU
		{513E28FC-B813-42D0-AFE1-EF83D17F7FF6}.Release|Any CPU.Build.0 = Release|Any CPU
		{E20A1FBA-4AAA-4860-9645-2B54330E4FE0}.Debug|Any CPU.ActiveCfg = Debug|Any CPU
		{E20A1FBA-4AAA-4860-9645-2B54330E4FE0}.Debug|Any CPU.Build.0 = Debug|Any CPU
		{E20A1FBA-4AAA-4860-9645-2B54330E4FE0}.Release|Any CPU.ActiveCfg = Release|Any CPU
		{E20A1FBA-4AAA-4860-9645-2B54330E4FE0}.Release|Any CPU.Build.0 = Release|Any CPU
	EndGlobalSection
	GlobalSection(SolutionProperties) = preSolution
		HideSolutionNode = FALSE
	EndGlobalSection
	GlobalSection(NestedProjects) = preSolution
		{861A8AA1-AD88-4AFD-B322-52B6F7FD066A} = {02EA681E-C7D8-13C7-8484-4AC65E1B71E8}
		{5D608E3C-B36A-4E78-B1DA-A6100DF82940} = {60E07418-16D5-4D6B-B266-6F0A76D0527B}
		{2DEB8775-2892-4E69-9D6C-52BBC5945301} = {60E07418-16D5-4D6B-B266-6F0A76D0527B}
		{88B8EC0D-12C3-4A88-AEE4-B7A29E9B776B} = {2DEB8775-2892-4E69-9D6C-52BBC5945301}
		{84F33D22-BABE-4502-9853-3EE304128717} = {5D608E3C-B36A-4E78-B1DA-A6100DF82940}
		{5207D725-0D48-49EE-AD7E-8C0485956C2F} = {5D608E3C-B36A-4E78-B1DA-A6100DF82940}
		{042712EA-AAB5-40D8-B300-1EFFA7318F78} = {5D608E3C-B36A-4E78-B1DA-A6100DF82940}
		{73821060-EED6-4978-AAA6-091A0D0B012A} = {8A875AAB-76E9-4448-B4C5-C2D4076ECC40}
		{9235B0AD-DDDF-4F79-A87C-A67F5FA59C03} = {5D608E3C-B36A-4E78-B1DA-A6100DF82940}
		{407D95E9-FFDA-40AA-B287-470A161B1598} = {88B8EC0D-12C3-4A88-AEE4-B7A29E9B776B}
		{27CB1DEF-9880-452E-89D6-29ED4C2A55E8} = {88B8EC0D-12C3-4A88-AEE4-B7A29E9B776B}
		{AE2905D4-F408-435F-8894-4BB3CE383A77} = {88B8EC0D-12C3-4A88-AEE4-B7A29E9B776B}
		{B719B1C8-D2B7-4C88-A45B-1022A297184B} = {88B8EC0D-12C3-4A88-AEE4-B7A29E9B776B}
		{37F7025A-65F5-4826-9D65-E537B74693DC} = {2DEB8775-2892-4E69-9D6C-52BBC5945301}
		{D24B1F11-42FF-4ED6-86C7-864DA2514681} = {37F7025A-65F5-4826-9D65-E537B74693DC}
		{5ACD1DA8-EDF7-4F7A-9CB1-896FCA440AF9} = {37F7025A-65F5-4826-9D65-E537B74693DC}
		{37183C71-4D59-4D2A-918F-264469016918} = {37F7025A-65F5-4826-9D65-E537B74693DC}
		{64AD1960-5F7B-4222-B3B1-BC982D650EE0} = {37F7025A-65F5-4826-9D65-E537B74693DC}
		{C75474B0-4D9B-40B9-B83C-8B687DD7B9D0} = {EB8FC8A2-1C69-44BA-B1AA-842DFE8E5505}
		{0B9B2F36-0952-46E9-AD4F-55003E845BA4} = {2DEB8775-2892-4E69-9D6C-52BBC5945301}
		{A9EE096B-7624-4506-B44F-C7DB8D8F7589} = {0B9B2F36-0952-46E9-AD4F-55003E845BA4}
		{ADFDE6C9-558A-4FE9-991B-5D66914A65A6} = {0B9B2F36-0952-46E9-AD4F-55003E845BA4}
		{513E28FC-B813-42D0-AFE1-EF83D17F7FF6} = {0B9B2F36-0952-46E9-AD4F-55003E845BA4}
		{E20A1FBA-4AAA-4860-9645-2B54330E4FE0} = {0B9B2F36-0952-46E9-AD4F-55003E845BA4}
	EndGlobalSection
	GlobalSection(ExtensibilityGlobals) = postSolution
		SolutionGuid = {AD966860-B87F-4F9C-8086-CA87C7404595}
	EndGlobalSection
EndGlobal
